
Microsoft Visual Studio Solution File, Format Version 12.00
# Visual Studio 15
VisualStudioVersion = 15.0.28307.329
MinimumVisualStudioVersion = 10.0.40219.1
Project("{FAE04EC0-301F-11D3-BF4B-00C04F79EFBC}") = "LogIn", "LogIn\LogIn.csproj", "{7FA61285-7C20-4F3E-BB3A-C2239878C008}"
EndProject
Global
	GlobalSection(SolutionConfigurationPlatforms) = preSolution
		Debug|Any CPU = Debug|Any CPU
		Release|Any CPU = Release|Any CPU
	EndGlobalSection
	GlobalSection(ProjectConfigurationPlatforms) = postSolution
		{7FA61285-7C20-4F3E-BB3A-C2239878C008}.Debug|Any CPU.ActiveCfg = Debug|Any CPU
		{7FA61285-7C20-4F3E-BB3A-C2239878C008}.Debug|Any CPU.Build.0 = Debug|Any CPU
		{7FA61285-7C20-4F3E-BB3A-C2239878C008}.Release|Any CPU.ActiveCfg = Release|Any CPU
		{7FA61285-7C20-4F3E-BB3A-C2239878C008}.Release|Any CPU.Build.0 = Release|Any CPU
	EndGlobalSection
	GlobalSection(SolutionProperties) = preSolution
		HideSolutionNode = FALSE
	EndGlobalSection
	GlobalSection(ExtensibilityGlobals) = postSolution
		SolutionGuid = {22C6558E-A018-4E0E-9EC2-D434278331B6}
	EndGlobalSection
EndGlobal
